// !$*UTF8*$!
{
	archiveVersion = 1;
	classes = {
	};
	objectVersion = 46;
	objects = {

/* Begin PBXBuildFile section */
		0327B1BB1B0BECF50087BACC /* main.cpp in Sources */ = {isa = PBXBuildFile; fileRef = 0327B1BA1B0BECF50087BACC /* main.cpp */; };
		0327B1C61B0BF1530087BACC /* Leaf.cpp in Sources */ = {isa = PBXBuildFile; fileRef = 0327B1C41B0BF1530087BACC /* Leaf.cpp */; };
		0327B1C91B0BF1620087BACC /* Composite.cpp in Sources */ = {isa = PBXBuildFile; fileRef = 0327B1C71B0BF1620087BACC /* Composite.cpp */; };
		0327B1CC1B0BF2060087BACC /* Component.cpp in Sources */ = {isa = PBXBuildFile; fileRef = 0327B1CA1B0BF2060087BACC /* Component.cpp */; };
/* End PBXBuildFile section */

/* Begin PBXCopyFilesBuildPhase section */
		0327B1B51B0BECF50087BACC /* CopyFiles */ = {
			isa = PBXCopyFilesBuildPhase;
			buildActionMask = 2147483647;
			dstPath = /usr/share/man/man1/;
			dstSubfolderSpec = 0;
			files = (
			);
			runOnlyForDeploymentPostprocessing = 1;
		};
/* End PBXCopyFilesBuildPhase section */

/* Begin PBXFileReference section */
		0327B1B71B0BECF50087BACC /* CompositeDesignPattern */ = {isa = PBXFileReference; explicitFileType = "compiled.mach-o.executable"; includeInIndex = 0; path = CompositeDesignPattern; sourceTree = BUILT_PRODUCTS_DIR; };
		0327B1BA1B0BECF50087BACC /* main.cpp */ = {isa = PBXFileReference; lastKnownFileType = sourcecode.cpp.cpp; path = main.cpp; sourceTree = "<group>"; };
		0327B1C21B0BF1320087BACC /* ComponentInterface.h */ = {isa = PBXFileReference; fileEncoding = 4; lastKnownFileType = sourcecode.c.h; path = ComponentInterface.h; sourceTree = "<group>"; };
		0327B1C41B0BF1530087BACC /* Leaf.cpp */ = {isa = PBXFileReference; fileEncoding = 4; lastKnownFileType = sourcecode.cpp.cpp; path = Leaf.cpp; sourceTree = "<group>"; };
		0327B1C51B0BF1530087BACC /* Leaf.h */ = {isa = PBXFileReference; fileEncoding = 4; lastKnownFileType = sourcecode.c.h; path = Leaf.h; sourceTree = "<group>"; };
		0327B1C71B0BF1620087BACC /* Composite.cpp */ = {isa = PBXFileReference; fileEncoding = 4; lastKnownFileType = sourcecode.cpp.cpp; path = Composite.cpp; sourceTree = "<group>"; };
		0327B1C81B0BF1620087BACC /* Composite.h */ = {isa = PBXFileReference; fileEncoding = 4; lastKnownFileType = sourcecode.c.h; path = Composite.h; sourceTree = "<group>"; };
		0327B1CA1B0BF2060087BACC /* Component.cpp */ = {isa = PBXFileReference; fileEncoding = 4; lastKnownFileType = sourcecode.cpp.cpp; path = Component.cpp; sourceTree = "<group>"; };
		0327B1CB1B0BF2060087BACC /* Component.h */ = {isa = PBXFileReference; fileEncoding = 4; lastKnownFileType = sourcecode.c.h; path = Component.h; sourceTree = "<group>"; };
/* End PBXFileReference section */

/* Begin PBXFrameworksBuildPhase section */
		0327B1B41B0BECF50087BACC /* Frameworks */ = {
			isa = PBXFrameworksBuildPhase;
			buildActionMask = 2147483647;
			files = (
			);
			runOnlyForDeploymentPostprocessing = 0;
		};
/* End PBXFrameworksBuildPhase section */

/* Begin PBXGroup section */
		0327B1AE1B0BECF50087BACC = {
			isa = PBXGroup;
			children = (
				0327B1B91B0BECF50087BACC /* CompositeDesignPattern */,
				0327B1B81B0BECF50087BACC /* Products */,
			);
			sourceTree = "<group>";
		};
		0327B1B81B0BECF50087BACC /* Products */ = {
			isa = PBXGroup;
			children = (
				0327B1B71B0BECF50087BACC /* CompositeDesignPattern */,
			);
			name = Products;
			sourceTree = "<group>";
		};
		0327B1B91B0BECF50087BACC /* CompositeDesignPattern */ = {
			isa = PBXGroup;
			children = (
				0327B1BA1B0BECF50087BACC /* main.cpp */,
				0327B1C21B0BF1320087BACC /* ComponentInterface.h */,
				0327B1CB1B0BF2060087BACC /* Component.h */,
				0327B1CA1B0BF2060087BACC /* Component.cpp */,
				0327B1C51B0BF1530087BACC /* Leaf.h */,
				0327B1C41B0BF1530087BACC /* Leaf.cpp */,
				0327B1C81B0BF1620087BACC /* Composite.h */,
				0327B1C71B0BF1620087BACC /* Composite.cpp */,
			);
			path = CompositeDesignPattern;
			sourceTree = "<group>";
		};
/* End PBXGroup section */

/* Begin PBXNativeTarget section */
		0327B1B61B0BECF50087BACC /* CompositeDesignPattern */ = {
			isa = PBXNativeTarget;
			buildConfigurationList = 0327B1BE1B0BECF50087BACC /* Build configuration list for PBXNativeTarget "CompositeDesignPattern" */;
			buildPhases = (
				0327B1B31B0BECF50087BACC /* Sources */,
				0327B1B41B0BECF50087BACC /* Frameworks */,
				0327B1B51B0BECF50087BACC /* CopyFiles */,
			);
			buildRules = (
			);
			dependencies = (
			);
			name = CompositeDesignPattern;
			productName = CompositeDesignPattern;
			productReference = 0327B1B71B0BECF50087BACC /* CompositeDesignPattern */;
			productType = "com.apple.product-type.tool";
		};
/* End PBXNativeTarget section */

/* Begin PBXProject section */
		0327B1AF1B0BECF50087BACC /* Project object */ = {
			isa = PBXProject;
			attributes = {
				LastUpgradeCheck = 0630;
				ORGANIZATIONNAME = cgdemy.com;
				TargetAttributes = {
					0327B1B61B0BECF50087BACC = {
						CreatedOnToolsVersion = 6.3.1;
					};
				};
			};
			buildConfigurationList = 0327B1B21B0BECF50087BACC /* Build configuration list for PBXProject "CompositeDesignPattern" */;
			compatibilityVersion = "Xcode 3.2";
			developmentRegion = English;
			hasScannedForEncodings = 0;
			knownRegions = (
				en,
			);
			mainGroup = 0327B1AE1B0BECF50087BACC;
			productRefGroup = 0327B1B81B0BECF50087BACC /* Products */;
			projectDirPath = "";
			projectRoot = "";
			targets = (
				0327B1B61B0BECF50087BACC /* CompositeDesignPattern */,
			);
		};
/* End PBXProject section */

/* Begin PBXSourcesBuildPhase section */
		0327B1B31B0BECF50087BACC /* Sources */ = {
			isa = PBXSourcesBuildPhase;
			buildActionMask = 2147483647;
			files = (
				0327B1C61B0BF1530087BACC /* Leaf.cpp in Sources */,
				0327B1C91B0BF1620087BACC /* Composite.cpp in Sources */,
				0327B1BB1B0BECF50087BACC /* main.cpp in Sources */,
				0327B1CC1B0BF2060087BACC /* Component.cpp in Sources */,
			);
			runOnlyForDeploymentPostprocessing = 0;
		};
/* End PBXSourcesBuildPhase section */

/* Begin XCBuildConfiguration section */
		0327B1BC1B0BECF50087BACC /* Debug */ = {
			isa = XCBuildConfiguration;
			buildSettings = {
				ALWAYS_SEARCH_USER_PATHS = NO;
				CLANG_CXX_LANGUAGE_STANDARD = "gnu++0x";
				CLANG_CXX_LIBRARY = "libc++";
				CLANG_ENABLE_MODULES = YES;
				CLANG_ENABLE_OBJC_ARC = YES;
				CLANG_WARN_BOOL_CONVERSION = YES;
				CLANG_WARN_CONSTANT_CONVERSION = YES;
				CLANG_WARN_DIRECT_OBJC_ISA_USAGE = YES_ERROR;
				CLANG_WARN_EMPTY_BODY = YES;
				CLANG_WARN_ENUM_CONVERSION = YES;
				CLANG_WARN_INT_CONVERSION = YES;
				CLANG_WARN_OBJC_ROOT_CLASS = YES_ERROR;
				CLANG_WARN_UNREACHABLE_CODE = YES;
				CLANG_WARN__DUPLICATE_METHOD_MATCH = YES;
				COPY_PHASE_STRIP = NO;
				DEBUG_INFORMATION_FORMAT = dwarf;
				ENABLE_STRICT_OBJC_MSGSEND = YES;
				GCC_C_LANGUAGE_STANDARD = gnu99;
				GCC_DYNAMIC_NO_PIC = NO;
				GCC_NO_COMMON_BLOCKS = YES;
				GCC_OPTIMIZATION_LEVEL = 0;
				GCC_PREPROCESSOR_DEFINITIONS = (
					"DEBUG=1",
					"$(inherited)",
				);
				GCC_SYMBOLS_PRIVATE_EXTERN = NO;
				GCC_WARN_64_TO_32_BIT_CONVERSION = YES;
				GCC_WARN_ABOUT_RETURN_TYPE = YES_ERROR;
				GCC_WARN_UNDECLARED_SELECTOR = YES;
				GCC_WARN_UNINITIALIZED_AUTOS = YES_AGGRESSIVE;
				GCC_WARN_UNUSED_FUNCTION = YES;
				GCC_WARN_UNUSED_VARIABLE = YES;
				MACOSX_DEPLOYMENT_TARGET = 10.10;
				MTL_ENABLE_DEBUG_INFO = YES;
				ONLY_ACTIVE_ARCH = YES;
				SDKROOT = macosx;
			};
			name = Debug;
		};
		0327B1BD1B0BECF50087BACC /* Release */ = {
			isa = XCBuildConfiguration;
			buildSettings = {
				ALWAYS_SEARCH_USER_PATHS = NO;
				CLANG_CXX_LANGUAGE_STANDARD = "gnu++0x";
				CLANG_CXX_LIBRARY = "libc++";
				CLANG_ENABLE_MODULES = YES;
				CLANG_ENABLE_OBJC_ARC = YES;
				CLANG_WARN_BOOL_CONVERSION = YES;
				CLANG_WARN_CONSTANT_CONVERSION = YES;
				CLANG_WARN_DIRECT_OBJC_ISA_USAGE = YES_ERROR;
				CLANG_WARN_EMPTY_BODY = YES;
				CLANG_WARN_ENUM_CONVERSION = YES;
				CLANG_WARN_INT_CONVERSION = YES;
				CLANG_WARN_OBJC_ROOT_CLASS = YES_ERROR;
				CLANG_WARN_UNREACHABLE_CODE = YES;
				CLANG_WARN__DUPLICATE_METHOD_MATCH = YES;
				COPY_PHASE_STRIP = NO;
				DEBUG_INFORMATION_FORMAT = "dwarf-with-dsym";
				ENABLE_NS_ASSERTIONS = NO;
				ENABLE_STRICT_OBJC_MSGSEND = YES;
				GCC_C_LANGUAGE_STANDARD = gnu99;
				GCC_NO_COMMON_BLOCKS = YES;
				GCC_WARN_64_TO_32_BIT_CONVERSION = YES;
				GCC_WARN_ABOUT_RETURN_TYPE = YES_ERROR;
				GCC_WARN_UNDECLARED_SELECTOR = YES;
				GCC_WARN_UNINITIALIZED_AUTOS = YES_AGGRESSIVE;
				GCC_WARN_UNUSED_FUNCTION = YES;
				GCC_WARN_UNUSED_VARIABLE = YES;
				MACOSX_DEPLOYMENT_TARGET = 10.10;
				MTL_ENABLE_DEBUG_INFO = NO;
				SDKROOT = macosx;
			};
			name = Release;
		};
		0327B1BF1B0BECF50087BACC /* Debug */ = {
			isa = XCBuildConfiguration;
			buildSettings = {
				PRODUCT_NAME = "$(TARGET_NAME)";
			};
			name = Debug;
		};
		0327B1C01B0BECF50087BACC /* Release */ = {
			isa = XCBuildConfiguration;
			buildSettings = {
				PRODUCT_NAME = "$(TARGET_NAME)";
			};
			name = Release;
		};
/* End XCBuildConfiguration section */

/* Begin XCConfigurationList section */
		0327B1B21B0BECF50087BACC /* Build configuration list for PBXProject "CompositeDesignPattern" */ = {
			isa = XCConfigurationList;
			buildConfigurations = (
				0327B1BC1B0BECF50087BACC /* Debug */,
				0327B1BD1B0BECF50087BACC /* Release */,
			);
			defaultConfigurationIsVisible = 0;
			defaultConfigurationName = Release;
		};
		0327B1BE1B0BECF50087BACC /* Build configuration list for PBXNativeTarget "CompositeDesignPattern" */ = {
			isa = XCConfigurationList;
			buildConfigurations = (
				0327B1BF1B0BECF50087BACC /* Debug */,
				0327B1C01B0BECF50087BACC /* Release */,
			);
			defaultConfigurationIsVisible = 0;
		};
/* End XCConfigurationList section */
	};
	rootObject = 0327B1AF1B0BECF50087BACC /* Project object */;
}
